
Microsoft Visual Studio Solution File, Format Version 12.00
# Visual Studio Version 17
VisualStudioVersion = 17.11.35222.181
MinimumVisualStudioVersion = 10.0.40219.1
Project("{9A19103F-16F7-4668-BE54-9A1E7A4F7556}") = "ProEventos.Server", "ProEventos.Server\ProEventos.Server.csproj", "{0867708D-6DF5-4370-848B-65272BB5C221}"
EndProject
Project("{54A90642-561A-4BB1-A94E-469ADEE60C69}") = "proeventos.client", "proeventos.client\proeventos.client.esproj", "{F91089F8-EB2C-4CEE-AA79-413C7E9FE4E1}"
EndProject
Project("{FAE04EC0-301F-11D3-BF4B-00C04F79EFBC}") = "ProEventos.Application", "ProEventos.Application\ProEventos.Application.csproj", "{E21874D3-B8AF-453E-B9FB-D13E513A33B3}"
EndProject
Project("{FAE04EC0-301F-11D3-BF4B-00C04F79EFBC}") = "ProEventos.Domain", "ProEventos.Domain\ProEventos.Domain.csproj", "{1924079E-10A2-43FF-9ED2-A334ED142E31}"
EndProject
Project("{FAE04EC0-301F-11D3-BF4B-00C04F79EFBC}") = "ProEventos.Persistence", "ProEventos.Persistence\ProEventos.Persistence.csproj", "{9A072566-373F-4FFD-B25F-B93805EAC8BA}"
EndProject
Global
	GlobalSection(SolutionConfigurationPlatforms) = preSolution
		Debug|Any CPU = Debug|Any CPU
		Release|Any CPU = Release|Any CPU
	EndGlobalSection
	GlobalSection(ProjectConfigurationPlatforms) = postSolution
		{0867708D-6DF5-4370-848B-65272BB5C221}.Debug|Any CPU.ActiveCfg = Debug|Any CPU
		{0867708D-6DF5-4370-848B-65272BB5C221}.Debug|Any CPU.Build.0 = Debug|Any CPU
		{0867708D-6DF5-4370-848B-65272BB5C221}.Release|Any CPU.ActiveCfg = Release|Any CPU
		{0867708D-6DF5-4370-848B-65272BB5C221}.Release|Any CPU.Build.0 = Release|Any CPU
		{F91089F8-EB2C-4CEE-AA79-413C7E9FE4E1}.Debug|Any CPU.ActiveCfg = Debug|Any CPU
		{F91089F8-EB2C-4CEE-AA79-413C7E9FE4E1}.Debug|Any CPU.Build.0 = Debug|Any CPU
		{F91089F8-EB2C-4CEE-AA79-413C7E9FE4E1}.Debug|Any CPU.Deploy.0 = Debug|Any CPU
		{F91089F8-EB2C-4CEE-AA79-413C7E9FE4E1}.Release|Any CPU.ActiveCfg = Release|Any CPU
		{F91089F8-EB2C-4CEE-AA79-413C7E9FE4E1}.Release|Any CPU.Build.0 = Release|Any CPU
		{F91089F8-EB2C-4CEE-AA79-413C7E9FE4E1}.Release|Any CPU.Deploy.0 = Release|Any CPU
		{E21874D3-B8AF-453E-B9FB-D13E513A33B3}.Debug|Any CPU.ActiveCfg = Debug|Any CPU
		{E21874D3-B8AF-453E-B9FB-D13E513A33B3}.Debug|Any CPU.Build.0 = Debug|Any CPU
		{E21874D3-B8AF-453E-B9FB-D13E513A33B3}.Release|Any CPU.ActiveCfg = Release|Any CPU
		{E21874D3-B8AF-453E-B9FB-D13E513A33B3}.Release|Any CPU.Build.0 = Release|Any CPU
		{1924079E-10A2-43FF-9ED2-A334ED142E31}.Debug|Any CPU.ActiveCfg = Debug|Any CPU
		{1924079E-10A2-43FF-9ED2-A334ED142E31}.Debug|Any CPU.Build.0 = Debug|Any CPU
		{1924079E-10A2-43FF-9ED2-A334ED142E31}.Release|Any CPU.ActiveCfg = Release|Any CPU
		{1924079E-10A2-43FF-9ED2-A334ED142E31}.Release|Any CPU.Build.0 = Release|Any CPU
		{9A072566-373F-4FFD-B25F-B93805EAC8BA}.Debug|Any CPU.ActiveCfg = Debug|Any CPU
		{9A072566-373F-4FFD-B25F-B93805EAC8BA}.Debug|Any CPU.Build.0 = Debug|Any CPU
		{9A072566-373F-4FFD-B25F-B93805EAC8BA}.Release|Any CPU.ActiveCfg = Release|Any CPU
		{9A072566-373F-4FFD-B25F-B93805EAC8BA}.Release|Any CPU.Build.0 = Release|Any CPU
	EndGlobalSection
	GlobalSection(SolutionProperties) = preSolution
		HideSolutionNode = FALSE
	EndGlobalSection
	GlobalSection(ExtensibilityGlobals) = postSolution
		SolutionGuid = {9F2B3B09-D8AF-4283-8257-46CC58B08CD7}
	EndGlobalSection
EndGlobal
