
Microsoft Visual Studio Solution File, Format Version 12.00
# Visual Studio Version 17
VisualStudioVersion = 17.0.31903.59
MinimumVisualStudioVersion = 10.0.40219.1
Project("{FAE04EC0-301F-11D3-BF4B-00C04F79EFBC}") = "ProEventos.Application", "ProEventos.Application\ProEventos.Application.csproj", "{F456AA6D-A743-4CCA-901F-F0C48BA7451A}"
EndProject
Project("{FAE04EC0-301F-11D3-BF4B-00C04F79EFBC}") = "ProEventos.Domain", "ProEventos.Domain\ProEventos.Domain.csproj", "{24490CAE-5D6D-4D6C-8231-9F749E556E5A}"
EndProject
Global
	GlobalSection(SolutionConfigurationPlatforms) = preSolution
		Debug|Any CPU = Debug|Any CPU
		Release|Any CPU = Release|Any CPU
	EndGlobalSection
	GlobalSection(SolutionProperties) = preSolution
		HideSolutionNode = FALSE
	EndGlobalSection
	GlobalSection(ProjectConfigurationPlatforms) = postSolution
		{F456AA6D-A743-4CCA-901F-F0C48BA7451A}.Debug|Any CPU.ActiveCfg = Debug|Any CPU
		{F456AA6D-A743-4CCA-901F-F0C48BA7451A}.Debug|Any CPU.Build.0 = Debug|Any CPU
		{F456AA6D-A743-4CCA-901F-F0C48BA7451A}.Release|Any CPU.ActiveCfg = Release|Any CPU
		{F456AA6D-A743-4CCA-901F-F0C48BA7451A}.Release|Any CPU.Build.0 = Release|Any CPU
		{24490CAE-5D6D-4D6C-8231-9F749E556E5A}.Debug|Any CPU.ActiveCfg = Debug|Any CPU
		{24490CAE-5D6D-4D6C-8231-9F749E556E5A}.Debug|Any CPU.Build.0 = Debug|Any CPU
		{24490CAE-5D6D-4D6C-8231-9F749E556E5A}.Release|Any CPU.ActiveCfg = Release|Any CPU
		{24490CAE-5D6D-4D6C-8231-9F749E556E5A}.Release|Any CPU.Build.0 = Release|Any CPU
	EndGlobalSection
EndGlobal
